{
  "name": "test-app",
  "version": "1.0.0",
  "lockfileVersion": 3,
  "packages": {
    "": {
      "name": "test-app",
      "version": "1.0.0",
      "dependencies": {
        "@azure/identity": "^3.4.0",
        "express": "^4.18.0"
      },
      "devDependencies": {
        "typescript": "^5.0.0"
      }
    },
    "node_modules/@azure/identity": {
      "version": "3.4.2",
      "resolved": "https://registry.npmjs.org/@azure/identity/-/identity-3.4.2.tgz"
    },
    "node_modules/@azure/core-auth": {
      "version": "1.5.0",
      "resolved": "https://registry.npmjs.org/@azure/core-auth/-/core-auth-1.5.0.tgz"
    },
    "node_modules/express": {
      "version": "4.18.2",
      "resolved": "https://registry.npmjs.org/express/-/express-4.18.2.tgz"
    },
    "node_modules/body-parser": {
      "version": "1.20.1",
      "resolved": "https://registry.npmjs.org/body-parser/-/body-parser-1.20.1.tgz"
    },
    "node_modules/typescript": {
      "version": "5.3.3",
      "resolved": "https://registry.npmjs.org/typescript/-/typescript-5.3.3.tgz",
      "dev": true
    }
  }
}
