# THIS IS AN AUTOGENERATED FILE. DO NOT EDIT THIS FILE DIRECTLY.
# yarn lockfile v1


"@azure/core-auth@^1.5.0":
  version "1.5.0"
  resolved "https://registry.yarnpkg.com/@azure/core-auth/-/core-auth-1.5.0.tgz"

"@azure/identity@^3.4.0":
  version "3.4.2"
  resolved "https://registry.yarnpkg.com/@azure/identity/-/identity-3.4.2.tgz"
  dependencies:
    "@azure/core-auth" "^1.5.0"

express@^4.18.0:
  version "4.18.2"
  resolved "https://registry.yarnpkg.com/express/-/express-4.18.2.tgz"
  dependencies:
    body-parser "1.20.1"

body-parser@1.20.1:
  version "1.20.1"
  resolved "https://registry.yarnpkg.com/body-parser/-/body-parser-1.20.1.tgz"

typescript@^5.0.0:
  version "5.3.3"
  resolved "https://registry.yarnpkg.com/typescript/-/typescript-5.3.3.tgz"
